# THIS IS AN AUTOGENERATED FILE. DO NOT EDIT THIS FILE DIRECTLY.
# yarn lockfile v1


"@babel/code-frame@^7.0.0":
  version "7.16.7"
  resolved "https://registry.npmjs.org/@babel/code-frame/-/code-frame-7.16.7.tgz"
  dependencies:
    "@babel/highlight" "^7.16.7"

"@babel/helper-validator-identifier@^7.16.7":
  version "7.16.7"
  resolved "https://registry.npmjs.org/@babel/helper-validator-identifier/-/helper-validator-identifier-7.16.7.tgz"

"@babel/highlight@^7.16.7":
  version "7.16.10"
  resolved "https://registry.npmjs.org/@babel/highlight/-/highlight-7.16.10.tgz"
  dependencies:
    "@babel/helper-validator-identifier" "^7.16.7"
    chalk "^2.0.0"
    js-tokens "^4.0.0"

"@parcel/bundler-default@2.3.1":
  version "2.3.1"
  resolved "https://registry.npmjs.org/@parcel/bundler-default/-/bundler-default-2.3.1.tgz"
  dependencies:
    "@parcel/diagnostic" "2.3.1"
    "@parcel/hash" "2.3.1"
    "@parcel/plugin" "2.3.1"
    "@parcel/utils" "2.3.1"
    nullthrows "^1.1.1"

"@parcel/cache@2.3.1":
  version "2.3.1"
  resolved "https://registry.npmjs.org/@parcel/cache/-/cache-2.3.1.tgz"
  dependencies:
    "@parcel/fs" "2.3.1"
    "@parcel/logger" "2.3.1"
    "@parcel/utils" "2.3.1"
    lmdb "^2.0.2"

"@parcel/codeframe@2.3.1":
  version "2.3.1"
  resolved "https://registry.npmjs.org/@parcel/codeframe/-/codeframe-2.3.1.tgz"
  dependencies:
    chalk "^4.1.0"

"@parcel/compressor-raw@2.3.1":
  version "2.3.1"
  resolved "https://registry.npmjs.org/@parcel/compressor-raw/-/compressor-raw-2.3.1.tgz"
  dependencies:
    "@parcel/plugin" "2.3.1"

"@parcel/config-default@2.3.1":
  version "2.3.1"
  resolved "https://registry.npmjs.org/@parcel/config-default/-/config-default-2.3.1.tgz"
  dependencies:
    "@parcel/bundler-default" "2.3.1"
    "@parcel/compressor-raw" "2.3.1"
    "@parcel/namer-default" "2.3.1"
    "@parcel/optimizer-cssnano" "2.3.1"
    "@parcel/optimizer-htmlnano" "2.3.1"
    "@parcel/optimizer-image" "2.3.1"
    "@parcel/optimizer-svgo" "2.3.1"
    "@parcel/optimizer-terser" "2.3.1"
    "@parcel/packager-css" "2.3.1"
    "@parcel/packager-html" "2.3.1"
    "@parcel/packager-js" "2.3.1"
    "@parcel/packager-raw" "2.3.1"
    "@parcel/packager-svg" "2.3.1"
    "@parcel/reporter-dev-server" "2.3.1"
    "@parcel/resolver-default" "2.3.1"
    "@parcel/runtime-browser-hmr" "2.3.1"
    "@parcel/runtime-js" "2.3.1"
    "@parcel/runtime-react-refresh" "2.3.1"
    "@parcel/runtime-service-worker" "2.3.1"
    "@parcel/transformer-babel" "2.3.1"
    "@parcel/transformer-css" "2.3.1"
    "@parcel/transformer-html" "2.3.1"
    "@parcel/transformer-image" "2.3.1"
    "@parcel/transformer-js" "2.3.1"
    "@parcel/transformer-json" "2.3.1"
    "@parcel/transformer-postcss" "2.3.1"
    "@parcel/transformer-posthtml" "2.3.1"
    "@parcel/transformer-raw" "2.3.1"
    "@parcel/transformer-react-refresh-wrap" "2.3.1"
    "@parcel/transformer-svg" "2.3.1"

"@parcel/core@2.3.1":
  version "2.3.1"
  resolved "https://registry.npmjs.org/@parcel/core/-/core-2.3.1.tgz"
  dependencies:
    "@parcel/cache" "2.3.1"
    "@parcel/diagnostic" "2.3.1"
    "@parcel/events" "2.3.1"
    "@parcel/fs" "2.3.1"
    "@parcel/graph" "2.3.1"
    "@parcel/hash" "2.3.1"
    "@parcel/logger" "2.3.1"
    "@parcel/package-manager" "2.3.1"
    "@parcel/plugin" "2.3.1"
    "@parcel/source-map" "^2.0.0"
    "@parcel/types" "2.3.1"
    "@parcel/utils" "2.3.1"
    "@parcel/workers" "2.3.1"
    abortcontroller-polyfill "^1.1.9"
    base-x "^3.0.8"
    browserslist "^4.6.6"
    clone "^2.1.1"
    dotenv "^7.0.0"
    dotenv-expand "^5.1.0"
    json-source-map "^0.6.1"
    json5 "^2.2.0"
    msgpackr "^1.5.1"
    nullthrows "^1.1.1"
    semver "^5.7.1"

"@parcel/diagnostic@2.3.1":
  version "2.3.1"
  resolved "https://registry.npmjs.org/@parcel/diagnostic/-/diagnostic-2.3.1.tgz"
  dependencies:
    json-source-map "^0.6.1"
    nullthrows "^1.1.1"

"@parcel/events@2.3.1":
  version "2.3.1"
  resolved "https://registry.npmjs.org/@parcel/events/-/events-2.3.1.tgz"

"@parcel/fs-search@2.3.1":
  version "2.3.1"
  resolved "https://registry.npmjs.org/@parcel/fs-search/-/fs-search-2.3.1.tgz"
  dependencies:
    detect-libc "^1.0.3"

"@parcel/fs@2.3.1":
  version "2.3.1"
  resolved "https://registry.npmjs.org/@parcel/fs/-/fs-2.3.1.tgz"
  dependencies:
    "@parcel/fs-search" "2.3.1"
    "@parcel/types" "2.3.1"
    "@parcel/utils" "2.3.1"
    "@parcel/watcher" "^2.0.0"
    "@parcel/workers" "2.3.1"

"@parcel/graph@2.3.1":
  version "2.3.1"
  resolved "https://registry.npmjs.org/@parcel/graph/-/graph-2.3.1.tgz"
  dependencies:
    "@parcel/utils" "2.3.1"
    nullthrows "^1.1.1"

"@parcel/hash@2.3.1":
  version "2.3.1"
  resolved "https://registry.npmjs.org/@parcel/hash/-/hash-2.3.1.tgz"
  dependencies:
    detect-libc "^1.0.3"
    xxhash-wasm "^0.4.2"

"@parcel/logger@2.3.1":
  version "2.3.1"
  resolved "https://registry.npmjs.org/@parcel/logger/-/logger-2.3.1.tgz"
  dependencies:
    "@parcel/diagnostic" "2.3.1"
    "@parcel/events" "2.3.1"

"@parcel/markdown-ansi@2.3.1":
  version "2.3.1"
  resolved "https://registry.npmjs.org/@parcel/markdown-ansi/-/markdown-ansi-2.3.1.tgz"
  dependencies:
    chalk "^4.1.0"

"@parcel/namer-default@2.3.1":
  version "2.3.1"
  resolved "https://registry.npmjs.org/@parcel/namer-default/-/namer-default-2.3.1.tgz"
  dependencies:
    "@parcel/diagnostic" "2.3.1"
    "@parcel/plugin" "2.3.1"
    nullthrows "^1.1.1"

"@parcel/node-resolver-core@2.3.1":
  version "2.3.1"
  resolved "https://registry.npmjs.org/@parcel/node-resolver-core/-/node-resolver-core-2.3.1.tgz"
  dependencies:
    "@parcel/diagnostic" "2.3.1"
    "@parcel/utils" "2.3.1"
    nullthrows "^1.1.1"

"@parcel/optimizer-cssnano@2.3.1":
  version "2.3.1"
  resolved "https://registry.npmjs.org/@parcel/optimizer-cssnano/-/optimizer-cssnano-2.3.1.tgz"
  dependencies:
    "@parcel/plugin" "2.3.1"
    "@parcel/source-map" "^2.0.0"
    cssnano "^5.0.15"
    postcss "^8.4.5"

"@parcel/optimizer-htmlnano@2.3.1":
  version "2.3.1"
  resolved "https://registry.npmjs.org/@parcel/optimizer-htmlnano/-/optimizer-htmlnano-2.3.1.tgz"
  dependencies:
    "@parcel/plugin" "2.3.1"
    htmlnano "^2.0.0"
    nullthrows "^1.1.1"
    posthtml "^0.16.5"
    svgo "^2.4.0"

"@parcel/optimizer-image@2.3.1":
  version "2.3.1"
  resolved "https://registry.npmjs.org/@parcel/optimizer-image/-/optimizer-image-2.3.1.tgz"
  dependencies:
    "@parcel/diagnostic" "2.3.1"
    "@parcel/plugin" "2.3.1"
    "@parcel/utils" "2.3.1"
    "@parcel/workers" "2.3.1"
    detect-libc "^1.0.3"

"@parcel/optimizer-svgo@2.3.1":
  version "2.3.1"
  resolved "https://registry.npmjs.org/@parcel/optimizer-svgo/-/optimizer-svgo-2.3.1.tgz"
  dependencies:
    "@parcel/diagnostic" "2.3.1"
    "@parcel/plugin" "2.3.1"
    "@parcel/utils" "2.3.1"
    svgo "^2.4.0"

"@parcel/optimizer-terser@2.3.1":
  version "2.3.1"
  resolved "https://registry.npmjs.org/@parcel/optimizer-terser/-/optimizer-terser-2.3.1.tgz"
  dependencies:
    "@parcel/diagnostic" "2.3.1"
    "@parcel/plugin" "2.3.1"
    "@parcel/source-map" "^2.0.0"
    "@parcel/utils" "2.3.1"
    nullthrows "^1.1.1"
    terser "^5.2.0"

"@parcel/package-manager@2.3.1":
  version "2.3.1"
  resolved "https://registry.npmjs.org/@parcel/package-manager/-/package-manager-2.3.1.tgz"
  dependencies:
    "@parcel/diagnostic" "2.3.1"
    "@parcel/fs" "2.3.1"
    "@parcel/logger" "2.3.1"
    "@parcel/types" "2.3.1"
    "@parcel/utils" "2.3.1"
    "@parcel/workers" "2.3.1"
    semver "^5.7.1"

"@parcel/packager-css@2.3.1":
  version "2.3.1"
  resolved "https://registry.npmjs.org/@parcel/packager-css/-/packager-css-2.3.1.tgz"
  dependencies:
    "@parcel/plugin" "2.3.1"
    "@parcel/source-map" "^2.0.0"
    "@parcel/utils" "2.3.1"
    nullthrows "^1.1.1"

"@parcel/packager-html@2.3.1":
  version "2.3.1"
  resolved "https://registry.npmjs.org/@parcel/packager-html/-/packager-html-2.3.1.tgz"
  dependencies:
    "@parcel/plugin" "2.3.1"
    "@parcel/types" "2.3.1"
    "@parcel/utils" "2.3.1"
    nullthrows "^1.1.1"
    posthtml "^0.16.5"

"@parcel/packager-js@2.3.1":
  version "2.3.1"
  resolved "https://registry.npmjs.org/@parcel/packager-js/-/packager-js-2.3.1.tgz"
  dependencies:
    "@parcel/diagnostic" "2.3.1"
    "@parcel/hash" "2.3.1"
    "@parcel/plugin" "2.3.1"
    "@parcel/source-map" "^2.0.0"
    "@parcel/utils" "2.3.1"
    globals "^13.2.0"
    nullthrows "^1.1.1"

"@parcel/packager-raw@2.3.1":
  version "2.3.1"
  resolved "https://registry.npmjs.org/@parcel/packager-raw/-/packager-raw-2.3.1.tgz"
  dependencies:
    "@parcel/plugin" "2.3.1"

"@parcel/packager-svg@2.3.1":
  version "2.3.1"
  resolved "https://registry.npmjs.org/@parcel/packager-svg/-/packager-svg-2.3.1.tgz"
  dependencies:
    "@parcel/plugin" "2.3.1"
    "@parcel/types" "2.3.1"
    "@parcel/utils" "2.3.1"
    posthtml "^0.16.4"

"@parcel/plugin@2.3.1":
  version "2.3.1"
  resolved "https://registry.npmjs.org/@parcel/plugin/-/plugin-2.3.1.tgz"
  dependencies:
    "@parcel/types" "2.3.1"

"@parcel/reporter-cli@2.3.1":
  version "2.3.1"
  resolved "https://registry.npmjs.org/@parcel/reporter-cli/-/reporter-cli-2.3.1.tgz"
  dependencies:
    "@parcel/plugin" "2.3.1"
    "@parcel/types" "2.3.1"
    "@parcel/utils" "2.3.1"
    chalk "^4.1.0"

"@parcel/reporter-dev-server@2.3.1":
  version "2.3.1"
  resolved "https://registry.npmjs.org/@parcel/reporter-dev-server/-/reporter-dev-server-2.3.1.tgz"
  dependencies:
    "@parcel/plugin" "2.3.1"
    "@parcel/utils" "2.3.1"

"@parcel/resolver-default@2.3.1":
  version "2.3.1"
  resolved "https://registry.npmjs.org/@parcel/resolver-default/-/resolver-default-2.3.1.tgz"
  dependencies:
    "@parcel/node-resolver-core" "2.3.1"
    "@parcel/plugin" "2.3.1"

"@parcel/runtime-browser-hmr@2.3.1":
  version "2.3.1"
  resolved "https://registry.npmjs.org/@parcel/runtime-browser-hmr/-/runtime-browser-hmr-2.3.1.tgz"
  dependencies:
    "@parcel/plugin" "2.3.1"
    "@parcel/utils" "2.3.1"

"@parcel/runtime-js@2.3.1":
  version "2.3.1"
  resolved "https://registry.npmjs.org/@parcel/runtime-js/-/runtime-js-2.3.1.tgz"
  dependencies:
    "@parcel/plugin" "2.3.1"
    "@parcel/utils" "2.3.1"
    nullthrows "^1.1.1"

"@parcel/runtime-react-refresh@2.3.1":
  version "2.3.1"
  resolved "https://registry.npmjs.org/@parcel/runtime-react-refresh/-/runtime-react-refresh-2.3.1.tgz"
  dependencies:
    "@parcel/plugin" "2.3.1"
    "@parcel/utils" "2.3.1"
    react-refresh "^0.9.0"

"@parcel/runtime-service-worker@2.3.1":
  version "2.3.1"
  resolved "https://registry.npmjs.org/@parcel/runtime-service-worker/-/runtime-service-worker-2.3.1.tgz"
  dependencies:
    "@parcel/plugin" "2.3.1"
    "@parcel/utils" "2.3.1"
    nullthrows "^1.1.1"

"@parcel/source-map@^2.0.0":
  version "2.0.2"
  resolved "https://registry.npmjs.org/@parcel/source-map/-/source-map-2.0.2.tgz"
  dependencies:
    detect-libc "^1.0.3"

"@parcel/transformer-babel@2.3.1":
  version "2.3.1"
  resolved "https://registry.npmjs.org/@parcel/transformer-babel/-/transformer-babel-2.3.1.tgz"
  dependencies:
    "@parcel/diagnostic" "2.3.1"
    "@parcel/plugin" "2.3.1"
    "@parcel/source-map" "^2.0.0"
    "@parcel/utils" "2.3.1"
    browserslist "^4.6.6"
    json5 "^2.2.0"
    nullthrows "^1.1.1"
    semver "^5.7.0"

"@parcel/transformer-css@2.3.1":
  version "2.3.1"
  resolved "https://registry.npmjs.org/@parcel/transformer-css/-/transformer-css-2.3.1.tgz"
  dependencies:
    "@parcel/hash" "2.3.1"
    "@parcel/plugin" "2.3.1"
    "@parcel/source-map" "^2.0.0"
    "@parcel/utils" "2.3.1"
    nullthrows "^1.1.1"
    postcss "^8.4.5"
    postcss-value-parser "^4.2.0"
    semver "^5.7.1"

"@parcel/transformer-html@2.3.1":
  version "2.3.1"
  resolved "https://registry.npmjs.org/@parcel/transformer-html/-/transformer-html-2.3.1.tgz"
  dependencies:
    "@parcel/diagnostic" "2.3.1"
    "@parcel/hash" "2.3.1"
    "@parcel/plugin" "2.3.1"
    nullthrows "^1.1.1"
    posthtml "^0.16.5"
    posthtml-parser "^0.10.1"
    posthtml-render "^3.0.0"
    semver "^5.7.1"

"@parcel/transformer-image@2.3.1":
  version "2.3.1"
  resolved "https://registry.npmjs.org/@parcel/transformer-image/-/transformer-image-2.3.1.tgz"
  dependencies:
    "@parcel/plugin" "2.3.1"
    "@parcel/workers" "2.3.1"
    nullthrows "^1.1.1"

"@parcel/transformer-js@2.3.1":
  version "2.3.1"
  resolved "https://registry.npmjs.org/@parcel/transformer-js/-/transformer-js-2.3.1.tgz"
  dependencies:
    "@parcel/diagnostic" "2.3.1"
    "@parcel/plugin" "2.3.1"
    "@parcel/source-map" "^2.0.0"
    "@parcel/utils" "2.3.1"
    "@parcel/workers" "2.3.1"
    "@swc/helpers" "^0.2.11"
    browserslist "^4.6.6"
    detect-libc "^1.0.3"
    nullthrows "^1.1.1"
    regenerator-runtime "^0.13.7"
    semver "^5.7.1"

"@parcel/transformer-json@2.3.1":
  version "2.3.1"
  resolved "https://registry.npmjs.org/@parcel/transformer-json/-/transformer-json-2.3.1.tgz"
  dependencies:
    "@parcel/plugin" "2.3.1"
    json5 "^2.2.0"

"@parcel/transformer-postcss@2.3.1":
  version "2.3.1"
  resolved "https://registry.npmjs.org/@parcel/transformer-postcss/-/transformer-postcss-2.3.1.tgz"
  dependencies:
    "@parcel/hash" "2.3.1"
    "@parcel/plugin" "2.3.1"
    "@parcel/utils" "2.3.1"
    clone "^2.1.1"
    nullthrows "^1.1.1"
    postcss-value-parser "^4.2.0"
    semver "^5.7.1"

"@parcel/transformer-posthtml@2.3.1":
  version "2.3.1"
  resolved "https://registry.npmjs.org/@parcel/transformer-posthtml/-/transformer-posthtml-2.3.1.tgz"
  dependencies:
    "@parcel/plugin" "2.3.1"
    "@parcel/utils" "2.3.1"
    nullthrows "^1.1.1"
    posthtml "^0.16.5"
    posthtml-parser "^0.10.1"
    posthtml-render "^3.0.0"
    semver "^5.7.1"

"@parcel/transformer-raw@2.3.1":
  version "2.3.1"
  resolved "https://registry.npmjs.org/@parcel/transformer-raw/-/transformer-raw-2.3.1.tgz"
  dependencies:
    "@parcel/plugin" "2.3.1"

"@parcel/transformer-react-refresh-wrap@2.3.1":
  version "2.3.1"
  resolved "https://registry.npmjs.org/@parcel/transformer-react-refresh-wrap/-/transformer-react-refresh-wrap-2.3.1.tgz"
  dependencies:
    "@parcel/plugin" "2.3.1"
    "@parcel/utils" "2.3.1"
    react-refresh "^0.9.0"

"@parcel/transformer-svg@2.3.1":
  version "2.3.1"
  resolved "https://registry.npmjs.org/@parcel/transformer-svg/-/transformer-svg-2.3.1.tgz"
  dependencies:
    "@parcel/diagnostic" "2.3.1"
    "@parcel/hash" "2.3.1"
    "@parcel/plugin" "2.3.1"
    nullthrows "^1.1.1"
    posthtml "^0.16.5"
    posthtml-parser "^0.10.1"
    posthtml-render "^3.0.0"
    semver "^5.7.1"

"@parcel/types@2.3.1":
  version "2.3.1"
  resolved "https://registry.npmjs.org/@parcel/types/-/types-2.3.1.tgz"
  dependencies:
    "@parcel/cache" "2.3.1"
    "@parcel/diagnostic" "2.3.1"
    "@parcel/fs" "2.3.1"
    "@parcel/package-manager" "2.3.1"
    "@parcel/source-map" "^2.0.0"
    "@parcel/workers" "2.3.1"
    utility-types "^3.10.0"

"@parcel/utils@2.3.1":
  version "2.3.1"
  resolved "https://registry.npmjs.org/@parcel/utils/-/utils-2.3.1.tgz"
  dependencies:
    "@parcel/codeframe" "2.3.1"
    "@parcel/diagnostic" "2.3.1"
    "@parcel/hash" "2.3.1"
    "@parcel/logger" "2.3.1"
    "@parcel/markdown-ansi" "2.3.1"
    "@parcel/source-map" "^2.0.0"
    chalk "^4.1.0"

"@parcel/watcher@^2.0.0":
  version "2.0.5"
  resolved "https://registry.npmjs.org/@parcel/watcher/-/watcher-2.0.5.tgz"
  dependencies:
    node-addon-api "^3.2.1"
    node-gyp-build "^4.3.0"

"@parcel/workers@2.3.1":
  version "2.3.1"
  resolved "https://registry.npmjs.org/@parcel/workers/-/workers-2.3.1.tgz"
  dependencies:
    "@parcel/diagnostic" "2.3.1"
    "@parcel/logger" "2.3.1"
    "@parcel/types" "2.3.1"
    "@parcel/utils" "2.3.1"
    chrome-trace-event "^1.0.2"
    nullthrows "^1.1.1"

"@swc/helpers@^0.2.11":
  version "0.2.14"
  resolved "https://registry.npmjs.org/@swc/helpers/-/helpers-0.2.14.tgz"

"@trysound/sax@0.2.0":
  version "0.2.0"
  resolved "https://registry.npmjs.org/@trysound/sax/-/sax-0.2.0.tgz"

"@types/parse-json@^4.0.0":
  version "4.0.0"
  resolved "https://registry.npmjs.org/@types/parse-json/-/parse-json-4.0.0.tgz"

abortcontroller-polyfill@^1.1.9:
  version "1.7.3"
  resolved "https://registry.npmjs.org/abortcontroller-polyfill/-/abortcontroller-polyfill-1.7.3.tgz"

ansi-styles@^3.2.1:
  version "3.2.1"
  resolved "https://registry.npmjs.org/ansi-styles/-/ansi-styles-3.2.1.tgz"
  dependencies:
    color-convert "^1.9.0"

ansi-styles@^4.1.0:
  version "4.3.0"
  resolved "https://registry.npmjs.org/ansi-styles/-/ansi-styles-4.3.0.tgz"
  dependencies:
    color-convert "^2.0.1"

base-x@^3.0.8:
  version "3.0.9"
  resolved "https://registry.npmjs.org/base-x/-/base-x-3.0.9.tgz"
  dependencies:
    safe-buffer "^5.0.1"

boolbase@^1.0.0:
  version "1.0.0"
  resolved "https://registry.npmjs.org/boolbase/-/boolbase-1.0.0.tgz"

browserslist@^4.0.0, browserslist@^4.16.6, browserslist@^4.6.6:
  version "4.19.1"
  resolved "https://registry.npmjs.org/browserslist/-/browserslist-4.19.1.tgz"
  dependencies:
    caniuse-lite "^1.0.30001286"
    electron-to-chromium "^1.4.17"
    escalade "^3.1.1"
    node-releases "^2.0.1"
    picocolors "^1.0.0"

buffer-from@^1.0.0:
  version "1.1.2"
  resolved "https://registry.npmjs.org/buffer-from/-/buffer-from-1.1.2.tgz"

callsites@^3.0.0:
  version "3.1.0"
  resolved "https://registry.npmjs.org/callsites/-/callsites-3.1.0.tgz"

caniuse-api@^3.0.0:
  version "3.0.0"
  resolved "https://registry.npmjs.org/caniuse-api/-/caniuse-api-3.0.0.tgz"
  dependencies:
    browserslist "^4.0.0"
    caniuse-lite "^1.0.0"
    lodash.memoize "^4.1.2"
    lodash.uniq "^4.5.0"

caniuse-lite@^1.0.0, caniuse-lite@^1.0.30001286:
  version "1.0.30001312"
  resolved "https://registry.npmjs.org/caniuse-lite/-/caniuse-lite-1.0.30001312.tgz"

chalk@^2.0.0:
  version "2.4.2"
  resolved "https://registry.npmjs.org/chalk/-/chalk-2.4.2.tgz"
  dependencies:
    ansi-styles "^3.2.1"
    escape-string-regexp "^1.0.5"
    supports-color "^5.3.0"

chalk@^4.1.0:
  version "4.1.2"
  resolved "https://registry.npmjs.org/chalk/-/chalk-4.1.2.tgz"
  dependencies:
    ansi-styles "^4.1.0"
    supports-color "^7.1.0"

chrome-trace-event@^1.0.2:
  version "1.0.3"
  resolved "https://registry.npmjs.org/chrome-trace-event/-/chrome-trace-event-1.0.3.tgz"

clone@^2.1.1:
  version "2.1.2"
  resolved "https://registry.npmjs.org/clone/-/clone-2.1.2.tgz"

color-convert@^1.9.0:
  version "1.9.3"
  resolved "https://registry.npmjs.org/color-convert/-/color-convert-1.9.3.tgz"
  dependencies:
    color-name "1.1.3"

color-convert@^2.0.1:
  version "2.0.1"
  resolved "https://registry.npmjs.org/color-convert/-/color-convert-2.0.1.tgz"
  dependencies:
    color-name "~1.1.4"

color-name@1.1.3:
  version "1.1.3"
  resolved "https://registry.npmjs.org/color-name/-/color-name-1.1.3.tgz"

color-name@~1.1.4:
  version "1.1.4"
  resolved "https://registry.npmjs.org/color-name/-/color-name-1.1.4.tgz"

colord@^2.9.1:
  version "2.9.2"
  resolved "https://registry.npmjs.org/colord/-/colord-2.9.2.tgz"

commander@^2.20.0:
  version "2.20.3"
  resolved "https://registry.npmjs.org/commander/-/commander-2.20.3.tgz"

commander@^7.0.0, commander@^7.2.0:
  version "7.2.0"
  resolved "https://registry.npmjs.org/commander/-/commander-7.2.0.tgz"

cosmiconfig@^7.0.1:
  version "7.0.1"
  resolved "https://registry.npmjs.org/cosmiconfig/-/cosmiconfig-7.0.1.tgz"
  dependencies:
    "@types/parse-json" "^4.0.0"
    import-fresh "^3.2.1"
    parse-json "^5.0.0"
    path-type "^4.0.0"
    yaml "^1.10.0"

css-declaration-sorter@^6.0.3:
  version "6.1.4"
  resolved "https://registry.npmjs.org/css-declaration-sorter/-/css-declaration-sorter-6.1.4.tgz"
  dependencies:
    timsort "^0.3.0"

css-select@^4.1.3:
  version "4.2.1"
  resolved "https://registry.npmjs.org/css-select/-/css-select-4.2.1.tgz"
  dependencies:
    boolbase "^1.0.0"
    css-what "^5.1.0"
    domhandler "^4.3.0"
    domutils "^2.8.0"
    nth-check "^2.0.1"

css-tree@^1.1.2, css-tree@^1.1.3:
  version "1.1.3"
  resolved "https://registry.npmjs.org/css-tree/-/css-tree-1.1.3.tgz"
  dependencies:
    mdn-data "2.0.14"
    source-map "^0.6.1"

css-what@^5.1.0:
  version "5.1.0"
  resolved "https://registry.npmjs.org/css-what/-/css-what-5.1.0.tgz"

cssesc@^3.0.0:
  version "3.0.0"
  resolved "https://registry.npmjs.org/cssesc/-/cssesc-3.0.0.tgz"

cssnano-preset-default@^5.1.12:
  version "5.1.12"
  resolved "https://registry.npmjs.org/cssnano-preset-default/-/cssnano-preset-default-5.1.12.tgz"
  dependencies:
    css-declaration-sorter "^6.0.3"
    cssnano-utils "^3.0.2"
    postcss-calc "^8.2.0"
    postcss-colormin "^5.2.5"
    postcss-convert-values "^5.0.4"
    postcss-discard-comments "^5.0.3"
    postcss-discard-duplicates "^5.0.3"
    postcss-discard-empty "^5.0.3"
    postcss-discard-overridden "^5.0.4"
    postcss-merge-longhand "^5.0.6"
    postcss-merge-rules "^5.0.6"
    postcss-minify-font-values "^5.0.4"
    postcss-minify-gradients "^5.0.6"
    postcss-minify-params "^5.0.5"
    postcss-minify-selectors "^5.1.3"
    postcss-normalize-charset "^5.0.3"
    postcss-normalize-display-values "^5.0.3"
    postcss-normalize-positions "^5.0.4"
    postcss-normalize-repeat-style "^5.0.4"
    postcss-normalize-string "^5.0.4"
    postcss-normalize-timing-functions "^5.0.3"
    postcss-normalize-unicode "^5.0.4"
    postcss-normalize-url "^5.0.5"
    postcss-normalize-whitespace "^5.0.4"
    postcss-ordered-values "^5.0.5"
    postcss-reduce-initial "^5.0.3"
    postcss-reduce-transforms "^5.0.4"
    postcss-svgo "^5.0.4"
    postcss-unique-selectors "^5.0.4"

cssnano-utils@^3.0.2:
  version "3.0.2"
  resolved "https://registry.npmjs.org/cssnano-utils/-/cssnano-utils-3.0.2.tgz"

cssnano@^5.0.15:
  version "5.0.17"
  resolved "https://registry.npmjs.org/cssnano/-/cssnano-5.0.17.tgz"
  dependencies:
    cssnano-preset-default "^5.1.12"
    lilconfig "^2.0.3"
    yaml "^1.10.2"

csso@^4.2.0:
  version "4.2.0"
  resolved "https://registry.npmjs.org/csso/-/csso-4.2.0.tgz"
  dependencies:
    css-tree "^1.1.2"

detect-libc@^1.0.3:
  version "1.0.3"
  resolved "https://registry.npmjs.org/detect-libc/-/detect-libc-1.0.3.tgz"

dom-serializer@^1.0.1:
  version "1.3.2"
  resolved "https://registry.npmjs.org/dom-serializer/-/dom-serializer-1.3.2.tgz"
  dependencies:
    domelementtype "^2.0.1"
    domhandler "^4.2.0"
    entities "^2.0.0"

domelementtype@^2.0.1, domelementtype@^2.2.0:
  version "2.2.0"
  resolved "https://registry.npmjs.org/domelementtype/-/domelementtype-2.2.0.tgz"

domhandler@^4.2.0, domhandler@^4.2.2, domhandler@^4.3.0:
  version "4.3.0"
  resolved "https://registry.npmjs.org/domhandler/-/domhandler-4.3.0.tgz"
  dependencies:
    domelementtype "^2.2.0"

domutils@^2.8.0:
  version "2.8.0"
  resolved "https://registry.npmjs.org/domutils/-/domutils-2.8.0.tgz"
  dependencies:
    dom-serializer "^1.0.1"
    domelementtype "^2.2.0"
    domhandler "^4.2.0"

dotenv-expand@^5.1.0:
  version "5.1.0"
  resolved "https://registry.npmjs.org/dotenv-expand/-/dotenv-expand-5.1.0.tgz"

dotenv@^7.0.0:
  version "7.0.0"
  resolved "https://registry.npmjs.org/dotenv/-/dotenv-7.0.0.tgz"

electron-to-chromium@^1.4.17:
  version "1.4.71"
  resolved "https://registry.npmjs.org/electron-to-chromium/-/electron-to-chromium-1.4.71.tgz"

entities@^2.0.0:
  version "2.2.0"
  resolved "https://registry.npmjs.org/entities/-/entities-2.2.0.tgz"

entities@^3.0.1:
  version "3.0.1"
  resolved "https://registry.npmjs.org/entities/-/entities-3.0.1.tgz"

error-ex@^1.3.1:
  version "1.3.2"
  resolved "https://registry.npmjs.org/error-ex/-/error-ex-1.3.2.tgz"
  dependencies:
    is-arrayish "^0.2.1"

escalade@^3.1.1:
  version "3.1.1"
  resolved "https://registry.npmjs.org/escalade/-/escalade-3.1.1.tgz"

escape-string-regexp@^1.0.5:
  version "1.0.5"
  resolved "https://registry.npmjs.org/escape-string-regexp/-/escape-string-regexp-1.0.5.tgz"

get-port@^4.2.0:
  version "4.2.0"
  resolved "https://registry.npmjs.org/get-port/-/get-port-4.2.0.tgz"

globals@^13.2.0:
  version "13.12.1"
  resolved "https://registry.npmjs.org/globals/-/globals-13.12.1.tgz"
  dependencies:
    type-fest "^0.20.2"

has-flag@^3.0.0:
  version "3.0.0"
  resolved "https://registry.npmjs.org/has-flag/-/has-flag-3.0.0.tgz"

has-flag@^4.0.0:
  version "4.0.0"
  resolved "https://registry.npmjs.org/has-flag/-/has-flag-4.0.0.tgz"

htmlnano@^2.0.0:
  version "2.0.0"
  resolved "https://registry.npmjs.org/htmlnano/-/htmlnano-2.0.0.tgz"
  dependencies:
    cosmiconfig "^7.0.1"
    posthtml "^0.16.5"
    timsort "^0.3.0"

htmlparser2@^7.1.1:
  version "7.2.0"
  resolved "https://registry.npmjs.org/htmlparser2/-/htmlparser2-7.2.0.tgz"
  dependencies:
    domelementtype "^2.0.1"
    domhandler "^4.2.2"
    domutils "^2.8.0"
    entities "^3.0.1"

import-fresh@^3.2.1:
  version "3.3.0"
  resolved "https://registry.npmjs.org/import-fresh/-/import-fresh-3.3.0.tgz"
  dependencies:
    parent-module "^1.0.0"
    resolve-from "^4.0.0"

is-arrayish@^0.2.1:
  version "0.2.1"
  resolved "https://registry.npmjs.org/is-arrayish/-/is-arrayish-0.2.1.tgz"

is-json@^2.0.1:
  version "2.0.1"
  resolved "https://registry.npmjs.org/is-json/-/is-json-2.0.1.tgz"

js-tokens@^4.0.0:
  version "4.0.0"
  resolved "https://registry.npmjs.org/js-tokens/-/js-tokens-4.0.0.tgz"

json-parse-even-better-errors@^2.3.0:
  version "2.3.1"
  resolved "https://registry.npmjs.org/json-parse-even-better-errors/-/json-parse-even-better-errors-2.3.1.tgz"

json-source-map@^0.6.1:
  version "0.6.1"
  resolved "https://registry.npmjs.org/json-source-map/-/json-source-map-0.6.1.tgz"

json5@^2.2.0:
  version "2.2.3"
  resolved "https://registry.yarnpkg.com/json5/-/json5-2.2.3.tgz#78cd6f1a19bdc12b73db5ad0c61efd66c1e29283"

lilconfig@^2.0.3:
  version "2.0.4"
  resolved "https://registry.npmjs.org/lilconfig/-/lilconfig-2.0.4.tgz"

lines-and-columns@^1.1.6:
  version "1.2.4"
  resolved "https://registry.npmjs.org/lines-and-columns/-/lines-and-columns-1.2.4.tgz"

lmdb@^2.0.2:
  version "2.2.1"
  resolved "https://registry.npmjs.org/lmdb/-/lmdb-2.2.1.tgz"
  dependencies:
    msgpackr "^1.5.4"
    nan "^2.14.2"
    node-gyp-build "^4.2.3"
    ordered-binary "^1.2.4"
    weak-lru-cache "^1.2.2"

lodash.memoize@^4.1.2:
  version "4.1.2"
  resolved "https://registry.npmjs.org/lodash.memoize/-/lodash.memoize-4.1.2.tgz"

lodash.uniq@^4.5.0:
  version "4.5.0"
  resolved "https://registry.npmjs.org/lodash.uniq/-/lodash.uniq-4.5.0.tgz"

mdn-data@2.0.14:
  version "2.0.14"
  resolved "https://registry.npmjs.org/mdn-data/-/mdn-data-2.0.14.tgz"

msgpackr-extract@^1.0.14:
  version "1.0.16"
  resolved "https://registry.npmjs.org/msgpackr-extract/-/msgpackr-extract-1.0.16.tgz"
  dependencies:
    nan "^2.14.2"
    node-gyp-build "^4.2.3"

msgpackr@^1.5.1, msgpackr@^1.5.4:
  version "1.5.4"
  resolved "https://registry.npmjs.org/msgpackr/-/msgpackr-1.5.4.tgz"
  optionalDependencies:
    msgpackr-extract "^1.0.14"

nan@^2.14.2:
  version "2.15.0"
  resolved "https://registry.npmjs.org/nan/-/nan-2.15.0.tgz"

nanoid@^3.2.0:
  version "3.3.1"
  resolved "https://registry.npmjs.org/nanoid/-/nanoid-3.3.1.tgz"

node-addon-api@^3.2.1:
  version "3.2.1"
  resolved "https://registry.npmjs.org/node-addon-api/-/node-addon-api-3.2.1.tgz"

node-gyp-build@^4.2.3, node-gyp-build@^4.3.0:
  version "4.3.0"
  resolved "https://registry.npmjs.org/node-gyp-build/-/node-gyp-build-4.3.0.tgz"

node-releases@^2.0.1:
  version "2.0.2"
  resolved "https://registry.npmjs.org/node-releases/-/node-releases-2.0.2.tgz"

normalize-url@^6.0.1:
  version "6.1.0"
  resolved "https://registry.npmjs.org/normalize-url/-/normalize-url-6.1.0.tgz"

nth-check@^2.0.1:
  version "2.0.1"
  resolved "https://registry.npmjs.org/nth-check/-/nth-check-2.0.1.tgz"
  dependencies:
    boolbase "^1.0.0"

nullthrows@^1.1.1:
  version "1.1.1"
  resolved "https://registry.npmjs.org/nullthrows/-/nullthrows-1.1.1.tgz"

ordered-binary@^1.2.4:
  version "1.2.4"
  resolved "https://registry.npmjs.org/ordered-binary/-/ordered-binary-1.2.4.tgz"

parcel@^2.0.0-rc.0:
  version "2.3.1"
  resolved "https://registry.npmjs.org/parcel/-/parcel-2.3.1.tgz"
  dependencies:
    "@parcel/config-default" "2.3.1"
    "@parcel/core" "2.3.1"
    "@parcel/diagnostic" "2.3.1"
    "@parcel/events" "2.3.1"
    "@parcel/fs" "2.3.1"
    "@parcel/logger" "2.3.1"
    "@parcel/package-manager" "2.3.1"
    "@parcel/reporter-cli" "2.3.1"
    "@parcel/reporter-dev-server" "2.3.1"
    "@parcel/utils" "2.3.1"
    chalk "^4.1.0"
    commander "^7.0.0"
    get-port "^4.2.0"
    v8-compile-cache "^2.0.0"

parent-module@^1.0.0:
  version "1.0.1"
  resolved "https://registry.npmjs.org/parent-module/-/parent-module-1.0.1.tgz"
  dependencies:
    callsites "^3.0.0"

parse-json@^5.0.0:
  version "5.2.0"
  resolved "https://registry.npmjs.org/parse-json/-/parse-json-5.2.0.tgz"
  dependencies:
    "@babel/code-frame" "^7.0.0"
    error-ex "^1.3.1"
    json-parse-even-better-errors "^2.3.0"
    lines-and-columns "^1.1.6"

path-type@^4.0.0:
  version "4.0.0"
  resolved "https://registry.npmjs.org/path-type/-/path-type-4.0.0.tgz"

picocolors@^1.0.0:
  version "1.0.0"
  resolved "https://registry.npmjs.org/picocolors/-/picocolors-1.0.0.tgz"

postcss-calc@^8.2.0:
  version "8.2.4"
  resolved "https://registry.npmjs.org/postcss-calc/-/postcss-calc-8.2.4.tgz"
  dependencies:
    postcss-selector-parser "^6.0.9"
    postcss-value-parser "^4.2.0"

postcss-colormin@^5.2.5:
  version "5.2.5"
  resolved "https://registry.npmjs.org/postcss-colormin/-/postcss-colormin-5.2.5.tgz"
  dependencies:
    browserslist "^4.16.6"
    caniuse-api "^3.0.0"
    colord "^2.9.1"
    postcss-value-parser "^4.2.0"

postcss-convert-values@^5.0.4:
  version "5.0.4"
  resolved "https://registry.npmjs.org/postcss-convert-values/-/postcss-convert-values-5.0.4.tgz"
  dependencies:
    postcss-value-parser "^4.2.0"

postcss-discard-comments@^5.0.3:
  version "5.0.3"
  resolved "https://registry.npmjs.org/postcss-discard-comments/-/postcss-discard-comments-5.0.3.tgz"

postcss-discard-duplicates@^5.0.3:
  version "5.0.3"
  resolved "https://registry.npmjs.org/postcss-discard-duplicates/-/postcss-discard-duplicates-5.0.3.tgz"

postcss-discard-empty@^5.0.3:
  version "5.0.3"
  resolved "https://registry.npmjs.org/postcss-discard-empty/-/postcss-discard-empty-5.0.3.tgz"

postcss-discard-overridden@^5.0.4:
  version "5.0.4"
  resolved "https://registry.npmjs.org/postcss-discard-overridden/-/postcss-discard-overridden-5.0.4.tgz"

postcss-merge-longhand@^5.0.6:
  version "5.0.6"
  resolved "https://registry.npmjs.org/postcss-merge-longhand/-/postcss-merge-longhand-5.0.6.tgz"
  dependencies:
    postcss-value-parser "^4.2.0"
    stylehacks "^5.0.3"

postcss-merge-rules@^5.0.6:
  version "5.0.6"
  resolved "https://registry.npmjs.org/postcss-merge-rules/-/postcss-merge-rules-5.0.6.tgz"
  dependencies:
    browserslist "^4.16.6"
    caniuse-api "^3.0.0"
    cssnano-utils "^3.0.2"
    postcss-selector-parser "^6.0.5"

postcss-minify-font-values@^5.0.4:
  version "5.0.4"
  resolved "https://registry.npmjs.org/postcss-minify-font-values/-/postcss-minify-font-values-5.0.4.tgz"
  dependencies:
    postcss-value-parser "^4.2.0"

postcss-minify-gradients@^5.0.6:
  version "5.0.6"
  resolved "https://registry.npmjs.org/postcss-minify-gradients/-/postcss-minify-gradients-5.0.6.tgz"
  dependencies:
    colord "^2.9.1"
    cssnano-utils "^3.0.2"
    postcss-value-parser "^4.2.0"

postcss-minify-params@^5.0.5:
  version "5.0.5"
  resolved "https://registry.npmjs.org/postcss-minify-params/-/postcss-minify-params-5.0.5.tgz"
  dependencies:
    browserslist "^4.16.6"
    cssnano-utils "^3.0.2"
    postcss-value-parser "^4.2.0"

postcss-minify-selectors@^5.1.3:
  version "5.1.3"
  resolved "https://registry.npmjs.org/postcss-minify-selectors/-/postcss-minify-selectors-5.1.3.tgz"
  dependencies:
    postcss-selector-parser "^6.0.5"

postcss-normalize-charset@^5.0.3:
  version "5.0.3"
  resolved "https://registry.npmjs.org/postcss-normalize-charset/-/postcss-normalize-charset-5.0.3.tgz"

postcss-normalize-display-values@^5.0.3:
  version "5.0.3"
  resolved "https://registry.npmjs.org/postcss-normalize-display-values/-/postcss-normalize-display-values-5.0.3.tgz"
  dependencies:
    postcss-value-parser "^4.2.0"

postcss-normalize-positions@^5.0.4:
  version "5.0.4"
  resolved "https://registry.npmjs.org/postcss-normalize-positions/-/postcss-normalize-positions-5.0.4.tgz"
  dependencies:
    postcss-value-parser "^4.2.0"

postcss-normalize-repeat-style@^5.0.4:
  version "5.0.4"
  resolved "https://registry.npmjs.org/postcss-normalize-repeat-style/-/postcss-normalize-repeat-style-5.0.4.tgz"
  dependencies:
    postcss-value-parser "^4.2.0"

postcss-normalize-string@^5.0.4:
  version "5.0.4"
  resolved "https://registry.npmjs.org/postcss-normalize-string/-/postcss-normalize-string-5.0.4.tgz"
  dependencies:
    postcss-value-parser "^4.2.0"

postcss-normalize-timing-functions@^5.0.3:
  version "5.0.3"
  resolved "https://registry.npmjs.org/postcss-normalize-timing-functions/-/postcss-normalize-timing-functions-5.0.3.tgz"
  dependencies:
    postcss-value-parser "^4.2.0"

postcss-normalize-unicode@^5.0.4:
  version "5.0.4"
  resolved "https://registry.npmjs.org/postcss-normalize-unicode/-/postcss-normalize-unicode-5.0.4.tgz"
  dependencies:
    browserslist "^4.16.6"
    postcss-value-parser "^4.2.0"

postcss-normalize-url@^5.0.5:
  version "5.0.5"
  resolved "https://registry.npmjs.org/postcss-normalize-url/-/postcss-normalize-url-5.0.5.tgz"
  dependencies:
    normalize-url "^6.0.1"
    postcss-value-parser "^4.2.0"

postcss-normalize-whitespace@^5.0.4:
  version "5.0.4"
  resolved "https://registry.npmjs.org/postcss-normalize-whitespace/-/postcss-normalize-whitespace-5.0.4.tgz"
  dependencies:
    postcss-value-parser "^4.2.0"

postcss-ordered-values@^5.0.5:
  version "5.0.5"
  resolved "https://registry.npmjs.org/postcss-ordered-values/-/postcss-ordered-values-5.0.5.tgz"
  dependencies:
    cssnano-utils "^3.0.2"
    postcss-value-parser "^4.2.0"

postcss-reduce-initial@^5.0.3:
  version "5.0.3"
  resolved "https://registry.npmjs.org/postcss-reduce-initial/-/postcss-reduce-initial-5.0.3.tgz"
  dependencies:
    browserslist "^4.16.6"
    caniuse-api "^3.0.0"

postcss-reduce-transforms@^5.0.4:
  version "5.0.4"
  resolved "https://registry.npmjs.org/postcss-reduce-transforms/-/postcss-reduce-transforms-5.0.4.tgz"
  dependencies:
    postcss-value-parser "^4.2.0"

postcss-selector-parser@^6.0.4, postcss-selector-parser@^6.0.5, postcss-selector-parser@^6.0.9:
  version "6.0.9"
  resolved "https://registry.npmjs.org/postcss-selector-parser/-/postcss-selector-parser-6.0.9.tgz"
  dependencies:
    cssesc "^3.0.0"
    util-deprecate "^1.0.2"

postcss-svgo@^5.0.4:
  version "5.0.4"
  resolved "https://registry.npmjs.org/postcss-svgo/-/postcss-svgo-5.0.4.tgz"
  dependencies:
    postcss-value-parser "^4.2.0"
    svgo "^2.7.0"

postcss-unique-selectors@^5.0.4:
  version "5.0.4"
  resolved "https://registry.npmjs.org/postcss-unique-selectors/-/postcss-unique-selectors-5.0.4.tgz"
  dependencies:
    postcss-selector-parser "^6.0.5"

postcss-value-parser@^4.2.0:
  version "4.2.0"
  resolved "https://registry.npmjs.org/postcss-value-parser/-/postcss-value-parser-4.2.0.tgz"

postcss@^8.4.5:
  version "8.4.6"
  resolved "https://registry.npmjs.org/postcss/-/postcss-8.4.6.tgz"
  dependencies:
    nanoid "^3.2.0"
    picocolors "^1.0.0"
    source-map-js "^1.0.2"

posthtml-parser@^0.10.0, posthtml-parser@^0.10.1:
  version "0.10.2"
  resolved "https://registry.npmjs.org/posthtml-parser/-/posthtml-parser-0.10.2.tgz"
  dependencies:
    htmlparser2 "^7.1.1"

posthtml-render@^3.0.0:
  version "3.0.0"
  resolved "https://registry.npmjs.org/posthtml-render/-/posthtml-render-3.0.0.tgz"
  dependencies:
    is-json "^2.0.1"

posthtml@^0.16.4, posthtml@^0.16.5:
  version "0.16.5"
  resolved "https://registry.npmjs.org/posthtml/-/posthtml-0.16.5.tgz"
  dependencies:
    posthtml-parser "^0.10.0"
    posthtml-render "^3.0.0"

react-refresh@^0.9.0:
  version "0.9.0"
  resolved "https://registry.npmjs.org/react-refresh/-/react-refresh-0.9.0.tgz"

regenerator-runtime@^0.13.7:
  version "0.13.9"
  resolved "https://registry.npmjs.org/regenerator-runtime/-/regenerator-runtime-0.13.9.tgz"

resolve-from@^4.0.0:
  version "4.0.0"
  resolved "https://registry.npmjs.org/resolve-from/-/resolve-from-4.0.0.tgz"

safe-buffer@^5.0.1:
  version "5.2.1"
  resolved "https://registry.npmjs.org/safe-buffer/-/safe-buffer-5.2.1.tgz"

semver@^5.7.0, semver@^5.7.1:
  version "5.7.1"
  resolved "https://registry.npmjs.org/semver/-/semver-5.7.1.tgz"

source-map-js@^1.0.2:
  version "1.0.2"
  resolved "https://registry.npmjs.org/source-map-js/-/source-map-js-1.0.2.tgz"

source-map-support@~0.5.20:
  version "0.5.21"
  resolved "https://registry.npmjs.org/source-map-support/-/source-map-support-0.5.21.tgz"
  dependencies:
    buffer-from "^1.0.0"
    source-map "^0.6.0"

source-map@^0.6.0, source-map@^0.6.1:
  version "0.6.1"
  resolved "https://registry.npmjs.org/source-map/-/source-map-0.6.1.tgz"

source-map@~0.7.2:
  version "0.7.3"
  resolved "https://registry.npmjs.org/source-map/-/source-map-0.7.3.tgz"

stable@^0.1.8:
  version "0.1.8"
  resolved "https://registry.npmjs.org/stable/-/stable-0.1.8.tgz"

stylehacks@^5.0.3:
  version "5.0.3"
  resolved "https://registry.npmjs.org/stylehacks/-/stylehacks-5.0.3.tgz"
  dependencies:
    browserslist "^4.16.6"
    postcss-selector-parser "^6.0.4"

supports-color@^5.3.0:
  version "5.5.0"
  resolved "https://registry.npmjs.org/supports-color/-/supports-color-5.5.0.tgz"
  dependencies:
    has-flag "^3.0.0"

supports-color@^7.1.0:
  version "7.2.0"
  resolved "https://registry.npmjs.org/supports-color/-/supports-color-7.2.0.tgz"
  dependencies:
    has-flag "^4.0.0"

svgo@^2.4.0, svgo@^2.7.0:
  version "2.8.0"
  resolved "https://registry.npmjs.org/svgo/-/svgo-2.8.0.tgz"
  dependencies:
    "@trysound/sax" "0.2.0"
    commander "^7.2.0"
    css-select "^4.1.3"
    css-tree "^1.1.3"
    csso "^4.2.0"
    picocolors "^1.0.0"
    stable "^0.1.8"

terser@^5.2.0:
  version "5.10.0"
  resolved "https://registry.npmjs.org/terser/-/terser-5.10.0.tgz"
  dependencies:
    commander "^2.20.0"
    source-map "~0.7.2"
    source-map-support "~0.5.20"

timsort@^0.3.0:
  version "0.3.0"
  resolved "https://registry.npmjs.org/timsort/-/timsort-0.3.0.tgz"

type-fest@^0.20.2:
  version "0.20.2"
  resolved "https://registry.npmjs.org/type-fest/-/type-fest-0.20.2.tgz"

util-deprecate@^1.0.2:
  version "1.0.2"
  resolved "https://registry.npmjs.org/util-deprecate/-/util-deprecate-1.0.2.tgz"

utility-types@^3.10.0:
  version "3.10.0"
  resolved "https://registry.npmjs.org/utility-types/-/utility-types-3.10.0.tgz"

v8-compile-cache@^2.0.0:
  version "2.3.0"
  resolved "https://registry.npmjs.org/v8-compile-cache/-/v8-compile-cache-2.3.0.tgz"

weak-lru-cache@^1.2.2:
  version "1.2.2"
  resolved "https://registry.npmjs.org/weak-lru-cache/-/weak-lru-cache-1.2.2.tgz"

xxhash-wasm@^0.4.2:
  version "0.4.2"
  resolved "https://registry.npmjs.org/xxhash-wasm/-/xxhash-wasm-0.4.2.tgz"

yaml@^1.10.0, yaml@^1.10.2:
  version "1.10.2"
  resolved "https://registry.npmjs.org/yaml/-/yaml-1.10.2.tgz"
